
Microsoft Visual Studio Solution File, Format Version 12.00
# Visual Studio Version 17
VisualStudioVersion = 17.4.33213.308
MinimumVisualStudioVersion = 10.0.40219.1
Project("{FAE04EC0-301F-11D3-BF4B-00C04F79EFBC}") = "differentSymbols", "differentSymbols.csproj", "{3E5EBF98-D9E5-4F45-9EFD-CE29DCE66E3B}"
EndProject
Project("{FAE04EC0-301F-11D3-BF4B-00C04F79EFBC}") = "differentSymbolsTests", "..\differentSymbolsTests\differentSymbolsTests.csproj", "{6BDDFD93-97E4-426D-A4BF-DEAE746D46E9}"
EndProject
Global
	GlobalSection(SolutionConfigurationPlatforms) = preSolution
		Debug|Any CPU = Debug|Any CPU
		Release|Any CPU = Release|Any CPU
	EndGlobalSection
	GlobalSection(ProjectConfigurationPlatforms) = postSolution
		{3E5EBF98-D9E5-4F45-9EFD-CE29DCE66E3B}.Debug|Any CPU.ActiveCfg = Debug|Any CPU
		{3E5EBF98-D9E5-4F45-9EFD-CE29DCE66E3B}.Debug|Any CPU.Build.0 = Debug|Any CPU
		{3E5EBF98-D9E5-4F45-9EFD-CE29DCE66E3B}.Release|Any CPU.ActiveCfg = Release|Any CPU
		{3E5EBF98-D9E5-4F45-9EFD-CE29DCE66E3B}.Release|Any CPU.Build.0 = Release|Any CPU
		{6BDDFD93-97E4-426D-A4BF-DEAE746D46E9}.Debug|Any CPU.ActiveCfg = Debug|Any CPU
		{6BDDFD93-97E4-426D-A4BF-DEAE746D46E9}.Debug|Any CPU.Build.0 = Debug|Any CPU
		{6BDDFD93-97E4-426D-A4BF-DEAE746D46E9}.Release|Any CPU.ActiveCfg = Release|Any CPU
		{6BDDFD93-97E4-426D-A4BF-DEAE746D46E9}.Release|Any CPU.Build.0 = Release|Any CPU
	EndGlobalSection
	GlobalSection(SolutionProperties) = preSolution
		HideSolutionNode = FALSE
	EndGlobalSection
	GlobalSection(ExtensibilityGlobals) = postSolution
		SolutionGuid = {9A28BBD0-B7F4-4B63-8BBB-DFE1CC0A7EFF}
	EndGlobalSection
EndGlobal
